{
  "name": "PPJ lab",
  "description": "This is a lab for PPJ",
  "url": "https://github.com/immortal450/JAVA.git",
  "keywords": ["PPJ", "lab"],
  "author": "MASTER",
  "version": "1.0.0",
  "license": "MIT",
  "dependencies": {
    "express": "^4.17.1",
    "body-parser": "^1.19.0"
    },
  "lockfileVersion": 3,
  "devDependencies": {
    "nodemon": "^2.0.12"
    },
    "scripts": {
      "start": "node app.js",
      "test": "jest"
      },
      "engines": {
        "node": "14.17.0"
        },
        "main": "app.js",
        "type": "module",
        "files": [
          "app.js",
          "package.json"
          ],
          "repository": {
            "type": "git",
            "url": "https://github.com/immortal450/JAVA.git",
            "directory": "/"
            },
            "bugs": {
              "url": "https://github.com/immortal450/JAVA/issues"
              },
              "homepage": "https://github.com/immortal450/JAVA",
              "funding": {
                "type": "github",
                "url": "https://github.com/sponsors/immortal450"
                },
                "readme": "README.md",
  "requires": true,
  "private": false,
  "preferGlobal": false,
  "descriptionFields": {
    "name": true,
    "description": true,
    "keywords": true
    },
    "licenseFields": {
      "type": true,
      "url": true
      },
      "author": "immortal450",
      "contributors": [
        {
          "name": "immortal450",
          "email": "immortal450@gmail.com",
          "url": "https://github.com/immortal450"
          }
          ],
  "packages": {}
}
